
Microsoft Visual Studio Solution File, Format Version 11.00
# Visual Studio 2010
Project("{FAE04EC0-301F-11D3-BF4B-00C04F79EFBC}") = "Alexandrie", "Alexandrie.csproj", "{EE5BADD4-F8E0-404B-9872-8930908E219E}"
EndProject
Global
	GlobalSection(SolutionConfigurationPlatforms) = preSolution
		Debug|Any CPU = Debug|Any CPU
		Release|Any CPU = Release|Any CPU
	EndGlobalSection
	GlobalSection(ProjectConfigurationPlatforms) = postSolution
		{EE5BADD4-F8E0-404B-9872-8930908E219E}.Debug|Any CPU.ActiveCfg = Debug|Any CPU
		{EE5BADD4-F8E0-404B-9872-8930908E219E}.Debug|Any CPU.Build.0 = Debug|Any CPU
		{EE5BADD4-F8E0-404B-9872-8930908E219E}.Release|Any CPU.ActiveCfg = Release|Any CPU
		{EE5BADD4-F8E0-404B-9872-8930908E219E}.Release|Any CPU.Build.0 = Release|Any CPU
	EndGlobalSection
	GlobalSection(MonoDevelopProperties) = preSolution
		StartupItem = Alexandrie.csproj
	EndGlobalSection
EndGlobal
